
Microsoft Visual Studio Solution File, Format Version 12.00
# Visual Studio Version 17
VisualStudioVersion = 17.7.34221.43
MinimumVisualStudioVersion = 10.0.40219.1
Project("{FAE04EC0-301F-11D3-BF4B-00C04F79EFBC}") = "TodoApp2", "TodoApp2\TodoApp2.csproj", "{5FD34D79-2321-498D-B367-F7C1A4FA07AD}"
EndProject
Project("{FAE04EC0-301F-11D3-BF4B-00C04F79EFBC}") = "TodoApp2.Core", "TodoApp2.Core\TodoApp2.Core.csproj", "{AE97F324-618B-4EA9-B00D-2A805D47861E}"
EndProject
Project("{FAE04EC0-301F-11D3-BF4B-00C04F79EFBC}") = "TodoApp2.Material", "TodoApp2.Material\TodoApp2.Material.csproj", "{F6ECBF99-F92F-4578-8737-5A2D458F0453}"
EndProject
Project("{2150E333-8FDC-42A3-9474-1A3956D46DE8}") = "Solution Items", "Solution Items", "{3EC4135D-AA5A-410D-AC85-BF0FAE64D1A2}"
EndProject
Project("{FAE04EC0-301F-11D3-BF4B-00C04F79EFBC}") = "TodoApp2.Persistence", "TodoApp2.Persistence\TodoApp2.Persistence.csproj", "{F3AF67E4-5AA8-4634-8212-CD4168FCC124}"
EndProject
Project("{FAE04EC0-301F-11D3-BF4B-00C04F79EFBC}") = "TodoApp2.Entity", "TodoApp2.Entity\TodoApp2.Entity.csproj", "{87F2A88A-7848-44ED-8F4F-89B12EBBC129}"
EndProject
Project("{FAE04EC0-301F-11D3-BF4B-00C04F79EFBC}") = "TodoApp2.Common", "TodoApp2.Common\TodoApp2.Common.csproj", "{0851FB41-96EC-4786-99AB-0C74966CF386}"
EndProject
Global
	GlobalSection(SolutionConfigurationPlatforms) = preSolution
		Debug|Any CPU = Debug|Any CPU
		Release|Any CPU = Release|Any CPU
	EndGlobalSection
	GlobalSection(ProjectConfigurationPlatforms) = postSolution
		{5FD34D79-2321-498D-B367-F7C1A4FA07AD}.Debug|Any CPU.ActiveCfg = Debug|Any CPU
		{5FD34D79-2321-498D-B367-F7C1A4FA07AD}.Debug|Any CPU.Build.0 = Debug|Any CPU
		{5FD34D79-2321-498D-B367-F7C1A4FA07AD}.Release|Any CPU.ActiveCfg = Release|Any CPU
		{5FD34D79-2321-498D-B367-F7C1A4FA07AD}.Release|Any CPU.Build.0 = Release|Any CPU
		{AE97F324-618B-4EA9-B00D-2A805D47861E}.Debug|Any CPU.ActiveCfg = Debug|Any CPU
		{AE97F324-618B-4EA9-B00D-2A805D47861E}.Debug|Any CPU.Build.0 = Debug|Any CPU
		{AE97F324-618B-4EA9-B00D-2A805D47861E}.Release|Any CPU.ActiveCfg = Release|Any CPU
		{AE97F324-618B-4EA9-B00D-2A805D47861E}.Release|Any CPU.Build.0 = Release|Any CPU
		{F6ECBF99-F92F-4578-8737-5A2D458F0453}.Debug|Any CPU.ActiveCfg = Debug|Any CPU
		{F6ECBF99-F92F-4578-8737-5A2D458F0453}.Debug|Any CPU.Build.0 = Debug|Any CPU
		{F6ECBF99-F92F-4578-8737-5A2D458F0453}.Release|Any CPU.ActiveCfg = Release|Any CPU
		{F6ECBF99-F92F-4578-8737-5A2D458F0453}.Release|Any CPU.Build.0 = Release|Any CPU
		{F3AF67E4-5AA8-4634-8212-CD4168FCC124}.Debug|Any CPU.ActiveCfg = Debug|Any CPU
		{F3AF67E4-5AA8-4634-8212-CD4168FCC124}.Debug|Any CPU.Build.0 = Debug|Any CPU
		{F3AF67E4-5AA8-4634-8212-CD4168FCC124}.Release|Any CPU.ActiveCfg = Release|Any CPU
		{F3AF67E4-5AA8-4634-8212-CD4168FCC124}.Release|Any CPU.Build.0 = Release|Any CPU
		{87F2A88A-7848-44ED-8F4F-89B12EBBC129}.Debug|Any CPU.ActiveCfg = Debug|Any CPU
		{87F2A88A-7848-44ED-8F4F-89B12EBBC129}.Debug|Any CPU.Build.0 = Debug|Any CPU
		{87F2A88A-7848-44ED-8F4F-89B12EBBC129}.Release|Any CPU.ActiveCfg = Release|Any CPU
		{87F2A88A-7848-44ED-8F4F-89B12EBBC129}.Release|Any CPU.Build.0 = Release|Any CPU
		{0851FB41-96EC-4786-99AB-0C74966CF386}.Debug|Any CPU.ActiveCfg = Debug|Any CPU
		{0851FB41-96EC-4786-99AB-0C74966CF386}.Debug|Any CPU.Build.0 = Debug|Any CPU
		{0851FB41-96EC-4786-99AB-0C74966CF386}.Release|Any CPU.ActiveCfg = Release|Any CPU
		{0851FB41-96EC-4786-99AB-0C74966CF386}.Release|Any CPU.Build.0 = Release|Any CPU
	EndGlobalSection
	GlobalSection(SolutionProperties) = preSolution
		HideSolutionNode = FALSE
	EndGlobalSection
	GlobalSection(ExtensibilityGlobals) = postSolution
		SolutionGuid = {4EA7E44B-8BE8-480C-A752-37C50B7F39DF}
	EndGlobalSection
EndGlobal
