Microsoft Visual Studio Solution File, Format Version 12.00
# Visual Studio Version 17
VisualStudioVersion = 17.7.34221.43
MinimumVisualStudioVersion = 10.0.40219.1
Project("{9A19103F-16F7-4668-BE54-9A1E7A4F7556}") = "TodoApp2", "TodoApp2\TodoApp2.csproj", "{5FD34D79-2321-498D-B367-F7C1A4FA07AD}"
EndProject
Project("{9A19103F-16F7-4668-BE54-9A1E7A4F7556}") = "TodoApp2.Core", "TodoApp2.Core\TodoApp2.Core.csproj", "{AE97F324-618B-4EA9-B00D-2A805D47861E}"
EndProject
Project("{9A19103F-16F7-4668-BE54-9A1E7A4F7556}") = "TodoApp2.Material", "TodoApp2.Material\TodoApp2.Material.csproj", "{F6ECBF99-F92F-4578-8737-5A2D458F0453}"
EndProject
Project("{9A19103F-16F7-4668-BE54-9A1E7A4F7556}") = "TodoApp2.Persistence", "TodoApp2.Persistence\TodoApp2.Persistence.csproj", "{F3AF67E4-5AA8-4634-8212-CD4168FCC124}"
EndProject
Project("{9A19103F-16F7-4668-BE54-9A1E7A4F7556}") = "TodoApp2.Entity", "TodoApp2.Entity\TodoApp2.Entity.csproj", "{87F2A88A-7848-44ED-8F4F-89B12EBBC129}"
EndProject
Project("{9A19103F-16F7-4668-BE54-9A1E7A4F7556}") = "TodoApp2.Common", "TodoApp2.Common\TodoApp2.Common.csproj", "{0851FB41-96EC-4786-99AB-0C74966CF386}"
EndProject
Project("{9A19103F-16F7-4668-BE54-9A1E7A4F7556}") = "Entity.Tests", "Entity.Tests\Entity.Tests.csproj", "{1DD1396F-7E38-49AB-9043-155C8E92876B}"
EndProject
Project("{2150E333-8FDC-42A3-9474-1A3956D46DE8}") = "src", "src", "{C29AB7EE-C4DA-4593-9F3F-9ED162E0E483}"
EndProject
Project("{2150E333-8FDC-42A3-9474-1A3956D46DE8}") = "tests", "tests", "{36E3A4AD-C1D3-46A0-BD13-FFDE91E84F0B}"
EndProject
Project("{2150E333-8FDC-42A3-9474-1A3956D46DE8}") = "Modules", "Modules", "{57E89F7E-CF62-4F2F-8E89-C7210F4121A7}"
EndProject
Project("{2150E333-8FDC-42A3-9474-1A3956D46DE8}") = "Old", "Old", "{93CDE93E-F1A7-40F2-836F-E7A52959D587}"
EndProject
Project("{2150E333-8FDC-42A3-9474-1A3956D46DE8}") = "Tasks", "Tasks", "{BF208A0B-18F1-436D-BA20-8CE7D6E97AC6}"
EndProject
Project("{2150E333-8FDC-42A3-9474-1A3956D46DE8}") = "Settings", "Settings", "{39110AA0-4991-411C-8B92-BCA989BC529F}"
EndProject
Project("{2150E333-8FDC-42A3-9474-1A3956D46DE8}") = "Notes", "Notes", "{BE3E641D-5B23-44C6-BB3B-8D128572EA41}"
EndProject
Project("{2150E333-8FDC-42A3-9474-1A3956D46DE8}") = "Categories", "Categories", "{3653394C-628E-4551-9A02-03D3C5B08011}"
EndProject
Project("{9A19103F-16F7-4668-BE54-9A1E7A4F7556}") = "Modules.Categories.Repositories", "Modules.Categories.Repositories\Modules.Categories.Repositories.csproj", "{7EFE2DB6-B9F5-43CC-97A2-552CAE8D00D1}"
EndProject
Project("{9A19103F-16F7-4668-BE54-9A1E7A4F7556}") = "Modules.Settings.Repositories", "Modules.Settings.Repositories\Modules.Settings.Repositories.csproj", "{302B7C76-D453-411B-92FC-E0F17CD57F3E}"
EndProject
Project("{9A19103F-16F7-4668-BE54-9A1E7A4F7556}") = "Modules.Settings.ViewModels", "Modules.Settings.ViewModels\Modules.Settings.ViewModels.csproj", "{C2139C3C-6595-460D-BCC5-F22294310428}"
EndProject
Project("{9A19103F-16F7-4668-BE54-9A1E7A4F7556}") = "Modules.Settings.Services", "Modules.Settings.Services\Modules.Settings.Services.csproj", "{5EF42CE6-C83A-4D13-9DFB-B9B762EF049B}"
EndProject
Project("{2150E333-8FDC-42A3-9474-1A3956D46DE8}") = "Common", "Common", "{CE6CB7B1-19E8-4BF7-B73E-2D5A66CDE8C0}"
EndProject
Project("{9A19103F-16F7-4668-BE54-9A1E7A4F7556}") = "Modules.Common", "Modules.Common\Modules.Common.csproj", "{1D2DF16F-3D3D-4729-84DD-EBAEDC70D5A6}"
EndProject
Project("{2150E333-8FDC-42A3-9474-1A3956D46DE8}") = "Migrations", "Migrations", "{444E2DE3-5389-42CF-8D7F-E715176F0D08}"
EndProject
Project("{9A19103F-16F7-4668-BE54-9A1E7A4F7556}") = "Modules.Migrations", "Modules.Migrations\Modules.Migrations.csproj", "{6C8B2025-7E2D-455E-B2AA-7500292586D8}"
EndProject
Project("{9A19103F-16F7-4668-BE54-9A1E7A4F7556}") = "Modules.Common.DataModels", "Modules.Common.DataModels\Modules.Common.DataModels.csproj", "{B9ACB567-963C-42A8-A536-EFA2B3125CD6}"
EndProject
Project("{9A19103F-16F7-4668-BE54-9A1E7A4F7556}") = "Modules.Notes.Repositories", "Modules.Notes.Repositories\Modules.Notes.Repositories.csproj", "{12472800-8D89-4CBE-97DA-3EF277211E9D}"
EndProject
Project("{FAE04EC0-301F-11D3-BF4B-00C04F79EFBC}") = "Modules.Settings.Views", "Modules.Settings.Views\Modules.Settings.Views.csproj", "{5FD26A61-5618-4A53-887E-F552485988C1}"
EndProject
Global
	GlobalSection(SolutionConfigurationPlatforms) = preSolution
		Debug|Any CPU = Debug|Any CPU
		Release|Any CPU = Release|Any CPU
	EndGlobalSection
	GlobalSection(ProjectConfigurationPlatforms) = postSolution
		{5FD34D79-2321-498D-B367-F7C1A4FA07AD}.Debug|Any CPU.ActiveCfg = Debug|Any CPU
		{5FD34D79-2321-498D-B367-F7C1A4FA07AD}.Debug|Any CPU.Build.0 = Debug|Any CPU
		{5FD34D79-2321-498D-B367-F7C1A4FA07AD}.Release|Any CPU.ActiveCfg = Release|Any CPU
		{5FD34D79-2321-498D-B367-F7C1A4FA07AD}.Release|Any CPU.Build.0 = Release|Any CPU
		{AE97F324-618B-4EA9-B00D-2A805D47861E}.Debug|Any CPU.ActiveCfg = Debug|Any CPU
		{AE97F324-618B-4EA9-B00D-2A805D47861E}.Debug|Any CPU.Build.0 = Debug|Any CPU
		{AE97F324-618B-4EA9-B00D-2A805D47861E}.Release|Any CPU.ActiveCfg = Release|Any CPU
		{AE97F324-618B-4EA9-B00D-2A805D47861E}.Release|Any CPU.Build.0 = Release|Any CPU
		{F6ECBF99-F92F-4578-8737-5A2D458F0453}.Debug|Any CPU.ActiveCfg = Debug|Any CPU
		{F6ECBF99-F92F-4578-8737-5A2D458F0453}.Debug|Any CPU.Build.0 = Debug|Any CPU
		{F6ECBF99-F92F-4578-8737-5A2D458F0453}.Release|Any CPU.ActiveCfg = Release|Any CPU
		{F6ECBF99-F92F-4578-8737-5A2D458F0453}.Release|Any CPU.Build.0 = Release|Any CPU
		{F3AF67E4-5AA8-4634-8212-CD4168FCC124}.Debug|Any CPU.ActiveCfg = Debug|Any CPU
		{F3AF67E4-5AA8-4634-8212-CD4168FCC124}.Debug|Any CPU.Build.0 = Debug|Any CPU
		{F3AF67E4-5AA8-4634-8212-CD4168FCC124}.Release|Any CPU.ActiveCfg = Release|Any CPU
		{F3AF67E4-5AA8-4634-8212-CD4168FCC124}.Release|Any CPU.Build.0 = Release|Any CPU
		{87F2A88A-7848-44ED-8F4F-89B12EBBC129}.Debug|Any CPU.ActiveCfg = Debug|Any CPU
		{87F2A88A-7848-44ED-8F4F-89B12EBBC129}.Debug|Any CPU.Build.0 = Debug|Any CPU
		{87F2A88A-7848-44ED-8F4F-89B12EBBC129}.Release|Any CPU.ActiveCfg = Release|Any CPU
		{87F2A88A-7848-44ED-8F4F-89B12EBBC129}.Release|Any CPU.Build.0 = Release|Any CPU
		{0851FB41-96EC-4786-99AB-0C74966CF386}.Debug|Any CPU.ActiveCfg = Debug|Any CPU
		{0851FB41-96EC-4786-99AB-0C74966CF386}.Debug|Any CPU.Build.0 = Debug|Any CPU
		{0851FB41-96EC-4786-99AB-0C74966CF386}.Release|Any CPU.ActiveCfg = Release|Any CPU
		{0851FB41-96EC-4786-99AB-0C74966CF386}.Release|Any CPU.Build.0 = Release|Any CPU
		{1DD1396F-7E38-49AB-9043-155C8E92876B}.Debug|Any CPU.ActiveCfg = Debug|Any CPU
		{1DD1396F-7E38-49AB-9043-155C8E92876B}.Debug|Any CPU.Build.0 = Debug|Any CPU
		{1DD1396F-7E38-49AB-9043-155C8E92876B}.Release|Any CPU.ActiveCfg = Release|Any CPU
		{1DD1396F-7E38-49AB-9043-155C8E92876B}.Release|Any CPU.Build.0 = Release|Any CPU
		{7EFE2DB6-B9F5-43CC-97A2-552CAE8D00D1}.Debug|Any CPU.ActiveCfg = Debug|Any CPU
		{7EFE2DB6-B9F5-43CC-97A2-552CAE8D00D1}.Debug|Any CPU.Build.0 = Debug|Any CPU
		{7EFE2DB6-B9F5-43CC-97A2-552CAE8D00D1}.Release|Any CPU.ActiveCfg = Release|Any CPU
		{7EFE2DB6-B9F5-43CC-97A2-552CAE8D00D1}.Release|Any CPU.Build.0 = Release|Any CPU
		{302B7C76-D453-411B-92FC-E0F17CD57F3E}.Debug|Any CPU.ActiveCfg = Debug|Any CPU
		{302B7C76-D453-411B-92FC-E0F17CD57F3E}.Debug|Any CPU.Build.0 = Debug|Any CPU
		{302B7C76-D453-411B-92FC-E0F17CD57F3E}.Release|Any CPU.ActiveCfg = Release|Any CPU
		{302B7C76-D453-411B-92FC-E0F17CD57F3E}.Release|Any CPU.Build.0 = Release|Any CPU
		{C2139C3C-6595-460D-BCC5-F22294310428}.Debug|Any CPU.ActiveCfg = Debug|Any CPU
		{C2139C3C-6595-460D-BCC5-F22294310428}.Debug|Any CPU.Build.0 = Debug|Any CPU
		{C2139C3C-6595-460D-BCC5-F22294310428}.Release|Any CPU.ActiveCfg = Release|Any CPU
		{C2139C3C-6595-460D-BCC5-F22294310428}.Release|Any CPU.Build.0 = Release|Any CPU
		{5EF42CE6-C83A-4D13-9DFB-B9B762EF049B}.Debug|Any CPU.ActiveCfg = Debug|Any CPU
		{5EF42CE6-C83A-4D13-9DFB-B9B762EF049B}.Debug|Any CPU.Build.0 = Debug|Any CPU
		{5EF42CE6-C83A-4D13-9DFB-B9B762EF049B}.Release|Any CPU.ActiveCfg = Release|Any CPU
		{5EF42CE6-C83A-4D13-9DFB-B9B762EF049B}.Release|Any CPU.Build.0 = Release|Any CPU
		{1D2DF16F-3D3D-4729-84DD-EBAEDC70D5A6}.Debug|Any CPU.ActiveCfg = Debug|Any CPU
		{1D2DF16F-3D3D-4729-84DD-EBAEDC70D5A6}.Debug|Any CPU.Build.0 = Debug|Any CPU
		{1D2DF16F-3D3D-4729-84DD-EBAEDC70D5A6}.Release|Any CPU.ActiveCfg = Release|Any CPU
		{1D2DF16F-3D3D-4729-84DD-EBAEDC70D5A6}.Release|Any CPU.Build.0 = Release|Any CPU
		{6C8B2025-7E2D-455E-B2AA-7500292586D8}.Debug|Any CPU.ActiveCfg = Debug|Any CPU
		{6C8B2025-7E2D-455E-B2AA-7500292586D8}.Debug|Any CPU.Build.0 = Debug|Any CPU
		{6C8B2025-7E2D-455E-B2AA-7500292586D8}.Release|Any CPU.ActiveCfg = Release|Any CPU
		{6C8B2025-7E2D-455E-B2AA-7500292586D8}.Release|Any CPU.Build.0 = Release|Any CPU
		{B9ACB567-963C-42A8-A536-EFA2B3125CD6}.Debug|Any CPU.ActiveCfg = Debug|Any CPU
		{B9ACB567-963C-42A8-A536-EFA2B3125CD6}.Debug|Any CPU.Build.0 = Debug|Any CPU
		{B9ACB567-963C-42A8-A536-EFA2B3125CD6}.Release|Any CPU.ActiveCfg = Release|Any CPU
		{B9ACB567-963C-42A8-A536-EFA2B3125CD6}.Release|Any CPU.Build.0 = Release|Any CPU
		{12472800-8D89-4CBE-97DA-3EF277211E9D}.Debug|Any CPU.ActiveCfg = Debug|Any CPU
		{12472800-8D89-4CBE-97DA-3EF277211E9D}.Debug|Any CPU.Build.0 = Debug|Any CPU
		{12472800-8D89-4CBE-97DA-3EF277211E9D}.Release|Any CPU.ActiveCfg = Release|Any CPU
		{12472800-8D89-4CBE-97DA-3EF277211E9D}.Release|Any CPU.Build.0 = Release|Any CPU
		{5FD26A61-5618-4A53-887E-F552485988C1}.Debug|Any CPU.ActiveCfg = Debug|Any CPU
		{5FD26A61-5618-4A53-887E-F552485988C1}.Debug|Any CPU.Build.0 = Debug|Any CPU
		{5FD26A61-5618-4A53-887E-F552485988C1}.Release|Any CPU.ActiveCfg = Release|Any CPU
		{5FD26A61-5618-4A53-887E-F552485988C1}.Release|Any CPU.Build.0 = Release|Any CPU
	EndGlobalSection
	GlobalSection(SolutionProperties) = preSolution
		HideSolutionNode = FALSE
	EndGlobalSection
	GlobalSection(NestedProjects) = preSolution
		{5FD34D79-2321-498D-B367-F7C1A4FA07AD} = {93CDE93E-F1A7-40F2-836F-E7A52959D587}
		{AE97F324-618B-4EA9-B00D-2A805D47861E} = {93CDE93E-F1A7-40F2-836F-E7A52959D587}
		{F6ECBF99-F92F-4578-8737-5A2D458F0453} = {93CDE93E-F1A7-40F2-836F-E7A52959D587}
		{F3AF67E4-5AA8-4634-8212-CD4168FCC124} = {93CDE93E-F1A7-40F2-836F-E7A52959D587}
		{87F2A88A-7848-44ED-8F4F-89B12EBBC129} = {93CDE93E-F1A7-40F2-836F-E7A52959D587}
		{0851FB41-96EC-4786-99AB-0C74966CF386} = {93CDE93E-F1A7-40F2-836F-E7A52959D587}
		{1DD1396F-7E38-49AB-9043-155C8E92876B} = {36E3A4AD-C1D3-46A0-BD13-FFDE91E84F0B}
		{57E89F7E-CF62-4F2F-8E89-C7210F4121A7} = {C29AB7EE-C4DA-4593-9F3F-9ED162E0E483}
		{93CDE93E-F1A7-40F2-836F-E7A52959D587} = {C29AB7EE-C4DA-4593-9F3F-9ED162E0E483}
		{BF208A0B-18F1-436D-BA20-8CE7D6E97AC6} = {57E89F7E-CF62-4F2F-8E89-C7210F4121A7}
		{39110AA0-4991-411C-8B92-BCA989BC529F} = {57E89F7E-CF62-4F2F-8E89-C7210F4121A7}
		{BE3E641D-5B23-44C6-BB3B-8D128572EA41} = {57E89F7E-CF62-4F2F-8E89-C7210F4121A7}
		{3653394C-628E-4551-9A02-03D3C5B08011} = {57E89F7E-CF62-4F2F-8E89-C7210F4121A7}
		{7EFE2DB6-B9F5-43CC-97A2-552CAE8D00D1} = {3653394C-628E-4551-9A02-03D3C5B08011}
		{302B7C76-D453-411B-92FC-E0F17CD57F3E} = {39110AA0-4991-411C-8B92-BCA989BC529F}
		{C2139C3C-6595-460D-BCC5-F22294310428} = {39110AA0-4991-411C-8B92-BCA989BC529F}
		{5EF42CE6-C83A-4D13-9DFB-B9B762EF049B} = {39110AA0-4991-411C-8B92-BCA989BC529F}
		{CE6CB7B1-19E8-4BF7-B73E-2D5A66CDE8C0} = {57E89F7E-CF62-4F2F-8E89-C7210F4121A7}
		{1D2DF16F-3D3D-4729-84DD-EBAEDC70D5A6} = {CE6CB7B1-19E8-4BF7-B73E-2D5A66CDE8C0}
		{444E2DE3-5389-42CF-8D7F-E715176F0D08} = {57E89F7E-CF62-4F2F-8E89-C7210F4121A7}
		{6C8B2025-7E2D-455E-B2AA-7500292586D8} = {444E2DE3-5389-42CF-8D7F-E715176F0D08}
		{B9ACB567-963C-42A8-A536-EFA2B3125CD6} = {CE6CB7B1-19E8-4BF7-B73E-2D5A66CDE8C0}
		{12472800-8D89-4CBE-97DA-3EF277211E9D} = {BE3E641D-5B23-44C6-BB3B-8D128572EA41}
		{5FD26A61-5618-4A53-887E-F552485988C1} = {39110AA0-4991-411C-8B92-BCA989BC529F}
	EndGlobalSection
	GlobalSection(ExtensibilityGlobals) = postSolution
		SolutionGuid = {4EA7E44B-8BE8-480C-A752-37C50B7F39DF}
	EndGlobalSection
EndGlobal
